# This file is automatically @generated by Cargo.
# It is not intended for manual editing.
version = 4

[[package]]
name = "pass-core-ffi"
version = "0.1.0"

[[package]]
name = "pass-csvio"
version = "0.1.0"

[[package]]
name = "pass-domain"
version = "0.1.0"

[[package]]
name = "pass-merge"
version = "0.1.0"
dependencies = [
 "pass-domain",
]

[[package]]
name = "pass-storage"
version = "0.1.0"

[[package]]
name = "pass-transport"
version = "0.1.0"
